{
  "version": "5",
  "specifiers": {
    "npm:@supabase/supabase-js@2.109.0": "2.109.0"
  },
  "npm": {
    "@supabase/auth-js@2.109.0": {
      "integrity": "sha512-krf61vksi92kEUYtNH70GnIMOoQqLBAKG2e3Aha4e/0uJA6i1OWCxL7WUGHo6c0Vu/w96Y1DdnkYz0NOg0kYog==",
      "dependencies": [
        "tslib"
      ]
    },
    "@supabase/functions-js@2.109.0": {
      "integrity": "sha512-IiwAspZrVrBRYQoFgSJvkcA9iJvTCw8nHOdvlKARDushlw/x1YY3YJYtwwgZFtl7utUbTiZ5SwohXPNgnpZM+g==",
      "dependencies": [
        "tslib"
      ]
    },
    "@supabase/phoenix@0.4.4": {
      "integrity": "sha512-Gt0pqoXuIqX/8dvG0OKp/wMCobXNH3klNbUPBNyOfN0YA1IswrM3HyWFMOPk1Jy+BRaIyDPcFx4jLBwHNmlyfQ=="
    },
    "@supabase/postgrest-js@2.109.0": {
      "integrity": "sha512-Xk4gzuzyrGIPWCUuJolDQS/9zdFZDEXRhNsVeOHEKwFr+vpNU0himsHtLOhSEYlyPqwmeY8LUCKL6bLsDp0ScA==",
      "dependencies": [
        "tslib"
      ]
    },
    "@supabase/realtime-js@2.109.0": {
      "integrity": "sha512-q9tjGUgWLNhfLz6HeYE7yl6FG9WEsnr6bFmmLpn2Nakxp3Z36pqI4xu0xns5/n8Xtq10HVcy9CRxOxgvviCM4Q==",
      "dependencies": [
        "@supabase/phoenix",
        "tslib"
      ]
    },
    "@supabase/storage-js@2.109.0": {
      "integrity": "sha512-j119SdEuwrOPGqiPjshpfovrQPFqeATKg990jNV88Ie+SEufznzVD2mL5kQvly+z2oVBeZn+pweU0QN/OYLmJw==",
      "dependencies": [
        "iceberg-js",
        "tslib"
      ]
    },
    "@supabase/supabase-js@2.109.0": {
      "integrity": "sha512-eNpUGegTT3hhoTK9j6aLViVjybYtdq6Ishb4BkVLi5tT58S1D80n7dmALMoBWkbrYG4uQv30c8iAB6nZylX0Fg==",
      "dependencies": [
        "@supabase/auth-js",
        "@supabase/functions-js",
        "@supabase/postgrest-js",
        "@supabase/realtime-js",
        "@supabase/storage-js"
      ]
    },
    "iceberg-js@0.8.1": {
      "integrity": "sha512-1dhVQZXhcHje7798IVM+xoo/1ZdVfzOMIc8/rgVSijRK38EDqOJoGula9N/8ZI5RD8QTxNQtK/Gozpr+qUqRRA=="
    },
    "tslib@2.8.1": {
      "integrity": "sha512-oJFu94HQb+KVduSUQL7wnpmqnfmLsOA/nAh6b6EH0wCEoK0/mPeXU6c3wKDV83MkOuHPRHtSXKKU99IBazS/2w=="
    }
  },
  "workspace": {
    "dependencies": [
      "npm:@supabase/supabase-js@2.109.0"
    ]
  }
}
